
Microsoft Visual Studio Solution File, Format Version 12.00
# Visual Studio Version 16
VisualStudioVersion = 16.0.29613.14
MinimumVisualStudioVersion = 10.0.40219.1
Project("{FAE04EC0-301F-11D3-BF4B-00C04F79EFBC}") = "VirtoCommerce.Build", "src\VirtoCommerce.Build\VirtoCommerce.Build.csproj", "{826FB1DE-BF4F-4314-AA00-FC5BC7627D7F}"
EndProject
Project("{FAE04EC0-301F-11D3-BF4B-00C04F79EFBC}") = "ArgoCD.Client", "src\ArgoCD.Client\ArgoCD.Client.csproj", "{2AD3EE22-AE26-4885-AB9F-5A5279A60FA1}"
EndProject
Global
	GlobalSection(SolutionConfigurationPlatforms) = preSolution
		Debug|Any CPU = Debug|Any CPU
		Release|Any CPU = Release|Any CPU
	EndGlobalSection
	GlobalSection(ProjectConfigurationPlatforms) = postSolution
		{826FB1DE-BF4F-4314-AA00-FC5BC7627D7F}.Debug|Any CPU.ActiveCfg = Debug|Any CPU
		{826FB1DE-BF4F-4314-AA00-FC5BC7627D7F}.Debug|Any CPU.Build.0 = Debug|Any CPU
		{826FB1DE-BF4F-4314-AA00-FC5BC7627D7F}.Release|Any CPU.ActiveCfg = Release|Any CPU
		{826FB1DE-BF4F-4314-AA00-FC5BC7627D7F}.Release|Any CPU.Build.0 = Release|Any CPU
		{2AD3EE22-AE26-4885-AB9F-5A5279A60FA1}.Debug|Any CPU.ActiveCfg = Debug|Any CPU
		{2AD3EE22-AE26-4885-AB9F-5A5279A60FA1}.Debug|Any CPU.Build.0 = Debug|Any CPU
		{2AD3EE22-AE26-4885-AB9F-5A5279A60FA1}.Release|Any CPU.ActiveCfg = Release|Any CPU
		{2AD3EE22-AE26-4885-AB9F-5A5279A60FA1}.Release|Any CPU.Build.0 = Release|Any CPU
	EndGlobalSection
	GlobalSection(SolutionProperties) = preSolution
		HideSolutionNode = FALSE
	EndGlobalSection
	GlobalSection(ExtensibilityGlobals) = postSolution
		SolutionGuid = {963A3769-831D-4063-97CC-89CAAA64A14A}
	EndGlobalSection
	GlobalSection(NestedProjects) = preSolution
	EndGlobalSection
EndGlobal
